
Microsoft Visual Studio Solution File, Format Version 12.00
# Visual Studio Version 17
VisualStudioVersion = 17.3.32929.385
MinimumVisualStudioVersion = 10.0.40219.1
Project("{FAE04EC0-301F-11D3-BF4B-00C04F79EFBC}") = "Proyek Aplikasi Pulsa", "Proyek Aplikasi Pulsa\Proyek Aplikasi Pulsa.csproj", "{8058C0C0-C203-4603-B710-127C6D664EF2}"
EndProject
Global
	GlobalSection(SolutionConfigurationPlatforms) = preSolution
		Debug|Any CPU = Debug|Any CPU
		Release|Any CPU = Release|Any CPU
	EndGlobalSection
	GlobalSection(ProjectConfigurationPlatforms) = postSolution
		{8058C0C0-C203-4603-B710-127C6D664EF2}.Debug|Any CPU.ActiveCfg = Debug|Any CPU
		{8058C0C0-C203-4603-B710-127C6D664EF2}.Debug|Any CPU.Build.0 = Debug|Any CPU
		{8058C0C0-C203-4603-B710-127C6D664EF2}.Release|Any CPU.ActiveCfg = Release|Any CPU
		{8058C0C0-C203-4603-B710-127C6D664EF2}.Release|Any CPU.Build.0 = Release|Any CPU
	EndGlobalSection
	GlobalSection(SolutionProperties) = preSolution
		HideSolutionNode = FALSE
	EndGlobalSection
	GlobalSection(ExtensibilityGlobals) = postSolution
		SolutionGuid = {5E6439B2-1AB6-4F0A-B8F4-CA77B6EE4F03}
	EndGlobalSection
EndGlobal
